
Microsoft Visual Studio Solution File, Format Version 12.00
# Visual Studio Version 17
VisualStudioVersion = 17.10.35013.160
MinimumVisualStudioVersion = 10.0.40219.1
Project("{FAE04EC0-301F-11D3-BF4B-00C04F79EFBC}") = "DapperEstate", "DapperEstate\DapperEstate.csproj", "{9ADCA5CB-2E8E-4C18-A583-E3E92F635424}"
EndProject
Global
	GlobalSection(SolutionConfigurationPlatforms) = preSolution
		Debug|Any CPU = Debug|Any CPU
		Release|Any CPU = Release|Any CPU
	EndGlobalSection
	GlobalSection(ProjectConfigurationPlatforms) = postSolution
		{9ADCA5CB-2E8E-4C18-A583-E3E92F635424}.Debug|Any CPU.ActiveCfg = Debug|Any CPU
		{9ADCA5CB-2E8E-4C18-A583-E3E92F635424}.Debug|Any CPU.Build.0 = Debug|Any CPU
		{9ADCA5CB-2E8E-4C18-A583-E3E92F635424}.Release|Any CPU.ActiveCfg = Release|Any CPU
		{9ADCA5CB-2E8E-4C18-A583-E3E92F635424}.Release|Any CPU.Build.0 = Release|Any CPU
	EndGlobalSection
	GlobalSection(SolutionProperties) = preSolution
		HideSolutionNode = FALSE
	EndGlobalSection
	GlobalSection(ExtensibilityGlobals) = postSolution
		SolutionGuid = {35271CFA-EE5F-4601-81D3-B234721B5388}
	EndGlobalSection
EndGlobal
